
Microsoft Visual Studio Solution File, Format Version 12.00
# Visual Studio Version 16
VisualStudioVersion = 16.0.29519.87
MinimumVisualStudioVersion = 10.0.40219.1
Project("{9A19103F-16F7-4668-BE54-9A1E7A4F7556}") = "EDennis.Samples.ApiGateway.LauncherAlt", "EDennis.Samples.ApiGateway.LauncherAlt\EDennis.Samples.ApiGateway.LauncherAlt.csproj", "{CE83D814-FD34-49A5-9D6E-6203D33AA6DD}"
EndProject
Project("{9A19103F-16F7-4668-BE54-9A1E7A4F7556}") = "EDennis.Samples.LocationApi", "EDennis.Samples.LocationApi\EDennis.Samples.LocationApi.csproj", "{8B9F5091-262D-408A-AA0B-E00EFCB483E9}"
EndProject
Project("{9A19103F-16F7-4668-BE54-9A1E7A4F7556}") = "EDennis.Samples.NameApi", "EDennis.Samples.NameApi\EDennis.Samples.NameApi.csproj", "{C060F8CD-4BDE-4CA0-8103-712668360F94}"
EndProject
Project("{9A19103F-16F7-4668-BE54-9A1E7A4F7556}") = "EDennis.Samples.QuoteApi", "EDennis.Samples.QuoteApi\EDennis.Samples.QuoteApi.csproj", "{87583A7A-45E8-4687-B9F0-01B906D91729}"
EndProject
Project("{9A19103F-16F7-4668-BE54-9A1E7A4F7556}") = "EDennis.Samples.TimeApi", "EDennis.Samples.TimeApi\EDennis.Samples.TimeApi.csproj", "{F4081EA9-220E-4805-909D-A454D10F924B}"
EndProject
Project("{9A19103F-16F7-4668-BE54-9A1E7A4F7556}") = "EDennis.Samples.ApiGateway.Tester", "EDennis.Samples.ApiGateway.Tester\EDennis.Samples.ApiGateway.Tester.csproj", "{200C4063-E947-4A91-B8A2-3C48DCFE4871}"
EndProject
Project("{9A19103F-16F7-4668-BE54-9A1E7A4F7556}") = "EDennis.Samples.ApiGateway", "EDennis.Samples.ApiGateway\EDennis.Samples.ApiGateway.csproj", "{2A6F321D-4318-498F-8B2C-B84D53136B2A}"
EndProject
Project("{9A19103F-16F7-4668-BE54-9A1E7A4F7556}") = "EDennis.Samples.ApiGateway.Launcher", "EDennis.Samples.ApiGateway.Launcher\EDennis.Samples.ApiGateway.Launcher.csproj", "{93F5F8EF-F1B5-4BAC-BEF6-34EC84E01838}"
EndProject
Project("{2150E333-8FDC-42A3-9474-1A3956D46DE8}") = "Solution Items", "Solution Items", "{0144C61D-0547-4D16-8499-2C1F21DBA659}"
	ProjectSection(SolutionItems) = preProject
		LocalNuGet\EDennis.Samples.ApiGateway.Lib.1.0.0.nupkg = LocalNuGet\EDennis.Samples.ApiGateway.Lib.1.0.0.nupkg
		LocalNuGet\EDennis.Samples.LocationApi.Lib.1.0.1.nupkg = LocalNuGet\EDennis.Samples.LocationApi.Lib.1.0.1.nupkg
		LocalNuGet\EDennis.Samples.NameApi.Lib.1.0.0.nupkg = LocalNuGet\EDennis.Samples.NameApi.Lib.1.0.0.nupkg
		LocalNuGet\EDennis.Samples.QuoteApi.Lib.1.0.0.nupkg = LocalNuGet\EDennis.Samples.QuoteApi.Lib.1.0.0.nupkg
		LocalNuGet\EDennis.Samples.SharedModel.1.0.0.nupkg = LocalNuGet\EDennis.Samples.SharedModel.1.0.0.nupkg
		LocalNuGet\EDennis.Samples.TimeApi.Lib.1.0.0.nupkg = LocalNuGet\EDennis.Samples.TimeApi.Lib.1.0.0.nupkg
		LocalNuGet\EDennis.Samples.Utils.1.0.0.nupkg = LocalNuGet\EDennis.Samples.Utils.1.0.0.nupkg
		README.txt = README.txt
	EndProjectSection
EndProject
Global
	GlobalSection(SolutionConfigurationPlatforms) = preSolution
		Debug|Any CPU = Debug|Any CPU
		Release|Any CPU = Release|Any CPU
	EndGlobalSection
	GlobalSection(ProjectConfigurationPlatforms) = postSolution
		{CE83D814-FD34-49A5-9D6E-6203D33AA6DD}.Debug|Any CPU.ActiveCfg = Debug|Any CPU
		{CE83D814-FD34-49A5-9D6E-6203D33AA6DD}.Debug|Any CPU.Build.0 = Debug|Any CPU
		{CE83D814-FD34-49A5-9D6E-6203D33AA6DD}.Release|Any CPU.ActiveCfg = Release|Any CPU
		{CE83D814-FD34-49A5-9D6E-6203D33AA6DD}.Release|Any CPU.Build.0 = Release|Any CPU
		{8B9F5091-262D-408A-AA0B-E00EFCB483E9}.Debug|Any CPU.ActiveCfg = Debug|Any CPU
		{8B9F5091-262D-408A-AA0B-E00EFCB483E9}.Debug|Any CPU.Build.0 = Debug|Any CPU
		{8B9F5091-262D-408A-AA0B-E00EFCB483E9}.Release|Any CPU.ActiveCfg = Release|Any CPU
		{8B9F5091-262D-408A-AA0B-E00EFCB483E9}.Release|Any CPU.Build.0 = Release|Any CPU
		{C060F8CD-4BDE-4CA0-8103-712668360F94}.Debug|Any CPU.ActiveCfg = Debug|Any CPU
		{C060F8CD-4BDE-4CA0-8103-712668360F94}.Debug|Any CPU.Build.0 = Debug|Any CPU
		{C060F8CD-4BDE-4CA0-8103-712668360F94}.Release|Any CPU.ActiveCfg = Release|Any CPU
		{C060F8CD-4BDE-4CA0-8103-712668360F94}.Release|Any CPU.Build.0 = Release|Any CPU
		{87583A7A-45E8-4687-B9F0-01B906D91729}.Debug|Any CPU.ActiveCfg = Debug|Any CPU
		{87583A7A-45E8-4687-B9F0-01B906D91729}.Debug|Any CPU.Build.0 = Debug|Any CPU
		{87583A7A-45E8-4687-B9F0-01B906D91729}.Release|Any CPU.ActiveCfg = Release|Any CPU
		{87583A7A-45E8-4687-B9F0-01B906D91729}.Release|Any CPU.Build.0 = Release|Any CPU
		{F4081EA9-220E-4805-909D-A454D10F924B}.Debug|Any CPU.ActiveCfg = Debug|Any CPU
		{F4081EA9-220E-4805-909D-A454D10F924B}.Debug|Any CPU.Build.0 = Debug|Any CPU
		{F4081EA9-220E-4805-909D-A454D10F924B}.Release|Any CPU.ActiveCfg = Release|Any CPU
		{F4081EA9-220E-4805-909D-A454D10F924B}.Release|Any CPU.Build.0 = Release|Any CPU
		{200C4063-E947-4A91-B8A2-3C48DCFE4871}.Debug|Any CPU.ActiveCfg = Debug|Any CPU
		{200C4063-E947-4A91-B8A2-3C48DCFE4871}.Debug|Any CPU.Build.0 = Debug|Any CPU
		{200C4063-E947-4A91-B8A2-3C48DCFE4871}.Release|Any CPU.ActiveCfg = Release|Any CPU
		{200C4063-E947-4A91-B8A2-3C48DCFE4871}.Release|Any CPU.Build.0 = Release|Any CPU
		{2A6F321D-4318-498F-8B2C-B84D53136B2A}.Debug|Any CPU.ActiveCfg = Debug|Any CPU
		{2A6F321D-4318-498F-8B2C-B84D53136B2A}.Debug|Any CPU.Build.0 = Debug|Any CPU
		{2A6F321D-4318-498F-8B2C-B84D53136B2A}.Release|Any CPU.ActiveCfg = Release|Any CPU
		{2A6F321D-4318-498F-8B2C-B84D53136B2A}.Release|Any CPU.Build.0 = Release|Any CPU
		{93F5F8EF-F1B5-4BAC-BEF6-34EC84E01838}.Debug|Any CPU.ActiveCfg = Debug|Any CPU
		{93F5F8EF-F1B5-4BAC-BEF6-34EC84E01838}.Debug|Any CPU.Build.0 = Debug|Any CPU
		{93F5F8EF-F1B5-4BAC-BEF6-34EC84E01838}.Release|Any CPU.ActiveCfg = Release|Any CPU
		{93F5F8EF-F1B5-4BAC-BEF6-34EC84E01838}.Release|Any CPU.Build.0 = Release|Any CPU
	EndGlobalSection
	GlobalSection(SolutionProperties) = preSolution
		HideSolutionNode = FALSE
	EndGlobalSection
	GlobalSection(ExtensibilityGlobals) = postSolution
		SolutionGuid = {9F32BE7F-55A5-4FD6-A196-98BBD356FE61}
	EndGlobalSection
EndGlobal
