
Microsoft Visual Studio Solution File, Format Version 12.00
# Visual Studio Version 16
VisualStudioVersion = 16.0.29503.13
MinimumVisualStudioVersion = 10.0.40219.1
Project("{9A19103F-16F7-4668-BE54-9A1E7A4F7556}") = "EDennis.Samples.SharedModel", "EDennis.Samples.SharedModel\EDennis.Samples.SharedModel.csproj", "{74D0BC5B-7EDB-4760-93B2-8151F33E2A35}"
EndProject
Project("{9A19103F-16F7-4668-BE54-9A1E7A4F7556}") = "EDennis.Samples.TimeApi.Launcher", "EDennis.Samples.TimeApi.Launcher\EDennis.Samples.TimeApi.Launcher.csproj", "{AD77FB2A-E631-4DD5-BE93-1724BBB75C39}"
EndProject
Project("{9A19103F-16F7-4668-BE54-9A1E7A4F7556}") = "EDennis.Samples.QuoteApi.Launcher", "EDennis.Samples.QuoteApi.Launcher\EDennis.Samples.QuoteApi.Launcher.csproj", "{790783CB-FDFF-43E0-9BA4-9CF78DC1E1EB}"
EndProject
Project("{9A19103F-16F7-4668-BE54-9A1E7A4F7556}") = "EDennis.Samples.NameApi.Launcher", "EDennis.Samples.NameApi.Launcher\EDennis.Samples.NameApi.Launcher.csproj", "{B66214A4-A98B-4D95-996A-84B561354FB0}"
EndProject
Project("{9A19103F-16F7-4668-BE54-9A1E7A4F7556}") = "EDennis.Samples.LocationApi.Launcher", "EDennis.Samples.LocationApi.Launcher\EDennis.Samples.LocationApi.Launcher.csproj", "{DBC2ABE3-AF50-424B-82A4-42CF0732A74C}"
EndProject
Project("{9A19103F-16F7-4668-BE54-9A1E7A4F7556}") = "EDennis.Samples.ApiGateway.Launcher", "EDennis.Samples.ApiGateway.Launcher\EDennis.Samples.ApiGateway.Launcher.csproj", "{8BC41EF4-FD1C-4AC8-B45F-92A0B5EC8295}"
EndProject
Project("{9A19103F-16F7-4668-BE54-9A1E7A4F7556}") = "EDennis.Samples.TypicalScaffoldedApi", "EDennis.Samples.TypicalScaffoldedApi\EDennis.Samples.TypicalScaffoldedApi.csproj", "{F5072FD0-7829-4E07-8BD2-705E45A8C2A8}"
EndProject
Project("{9A19103F-16F7-4668-BE54-9A1E7A4F7556}") = "EDennis.Samples.TimeApi.Tester", "EDennis.Samples.TimeApi.Tester\EDennis.Samples.TimeApi.Tester.csproj", "{5943BFEE-5BC5-4906-ABDE-E71A19DFE40F}"
EndProject
Project("{9A19103F-16F7-4668-BE54-9A1E7A4F7556}") = "EDennis.Samples.Utils", "EDennis.Samples.Utils\EDennis.Samples.Utils.csproj", "{8146588D-9635-451B-85DD-14853B6329A5}"
EndProject
Project("{9A19103F-16F7-4668-BE54-9A1E7A4F7556}") = "EDennis.Samples.ApiGateway.Tester", "EDennis.Samples.ApiGateway.Tester\EDennis.Samples.ApiGateway.Tester.csproj", "{8915CC39-31B9-498F-BCA6-6216132237DA}"
EndProject
Project("{9A19103F-16F7-4668-BE54-9A1E7A4F7556}") = "EDennis.Samples.LocationApi.Tester", "EDennis.Samples.LocationApi.Tester\EDennis.Samples.LocationApi.Tester.csproj", "{91300EEE-6D3B-4048-BDFC-F4B7BB3C5BFC}"
EndProject
Project("{9A19103F-16F7-4668-BE54-9A1E7A4F7556}") = "EDennis.Samples.NameApi.Tester", "EDennis.Samples.NameApi.Tester\EDennis.Samples.NameApi.Tester.csproj", "{9D60A5C5-BD7E-417C-83D6-9B97EEF320B1}"
EndProject
Project("{9A19103F-16F7-4668-BE54-9A1E7A4F7556}") = "EDennis.Samples.QuoteApi.Tester", "EDennis.Samples.QuoteApi.Tester\EDennis.Samples.QuoteApi.Tester.csproj", "{4D6ACF49-3551-4F9B-998B-F6F814980156}"
EndProject
Project("{9A19103F-16F7-4668-BE54-9A1E7A4F7556}") = "EDennis.Samples.ExploringWebApplicationFactory", "EDennis.Samples.ExploringWebApplicationFactory\EDennis.Samples.ExploringWebApplicationFactory.csproj", "{C0C6EA83-DEB2-4711-A897-1ED821A8F293}"
EndProject
Project("{9A19103F-16F7-4668-BE54-9A1E7A4F7556}") = "EDennis.Samples.TimeApi.Lib", "EDennis.Samples.TimeApi.Lib\EDennis.Samples.TimeApi.Lib.csproj", "{59DF8666-E46D-4774-9D66-88F4C6286D00}"
EndProject
Project("{9A19103F-16F7-4668-BE54-9A1E7A4F7556}") = "EDennis.Samples.TimeApi", "EDennis.Samples.TimeApi\EDennis.Samples.TimeApi.csproj", "{42D33162-758E-4DB0-8A39-A41EE17D4846}"
EndProject
Project("{9A19103F-16F7-4668-BE54-9A1E7A4F7556}") = "EDennis.Samples.QuoteApi.Lib", "EDennis.Samples.QuoteApi.Lib\EDennis.Samples.QuoteApi.Lib.csproj", "{4B02D09E-3A79-49F6-B258-FD58E87BB879}"
EndProject
Project("{9A19103F-16F7-4668-BE54-9A1E7A4F7556}") = "EDennis.Samples.QuoteApi", "EDennis.Samples.QuoteApi\EDennis.Samples.QuoteApi.csproj", "{DE1956D3-5E6D-4A0B-9BE8-7860001B7A2D}"
EndProject
Project("{9A19103F-16F7-4668-BE54-9A1E7A4F7556}") = "EDennis.Samples.NameApi.Lib", "EDennis.Samples.NameApi.Lib\EDennis.Samples.NameApi.Lib.csproj", "{4FDDF9B7-6F95-4960-BEE6-F5CB7B026277}"
EndProject
Project("{9A19103F-16F7-4668-BE54-9A1E7A4F7556}") = "EDennis.Samples.NameApi", "EDennis.Samples.NameApi\EDennis.Samples.NameApi.csproj", "{1B7B9A3A-7383-453B-B0F6-8C66033E475C}"
EndProject
Project("{9A19103F-16F7-4668-BE54-9A1E7A4F7556}") = "EDennis.Samples.LocationApi.Lib", "EDennis.Samples.LocationApi.Lib\EDennis.Samples.LocationApi.Lib.csproj", "{60D775B7-39AB-4906-A2D2-FEBCEEE9A730}"
EndProject
Project("{9A19103F-16F7-4668-BE54-9A1E7A4F7556}") = "EDennis.Samples.LocationApi", "EDennis.Samples.LocationApi\EDennis.Samples.LocationApi.csproj", "{5B4F3114-3137-4A29-BF20-6146D9B3FD1A}"
EndProject
Project("{9A19103F-16F7-4668-BE54-9A1E7A4F7556}") = "EDennis.Samples.ApiGateway.Lib", "EDennis.Samples.ApiGateway.Lib\EDennis.Samples.ApiGateway.Lib.csproj", "{5CAC21FF-4954-49D4-8FC7-C14CB0687478}"
EndProject
Project("{9A19103F-16F7-4668-BE54-9A1E7A4F7556}") = "EDennis.Samples.ApiGateway", "EDennis.Samples.ApiGateway\EDennis.Samples.ApiGateway.csproj", "{C12F32BF-E148-4DB7-B2C3-22595AC91566}"
EndProject
Project("{2150E333-8FDC-42A3-9474-1A3956D46DE8}") = "Solution Items", "Solution Items", "{1CD491FC-E0C1-485C-961D-24742C4EBA79}"
	ProjectSection(SolutionItems) = preProject
		doc\FactoryPattern.PNG = doc\FactoryPattern.PNG
		doc\FactoryPattern.svg = doc\FactoryPattern.svg
		doc\LauncherPattern.PNG = doc\LauncherPattern.PNG
		doc\LauncherPattern.svg = doc\LauncherPattern.svg
		doc\ProjectSplitStep1.PNG = doc\ProjectSplitStep1.PNG
		doc\ProjectSplitStep1.svg = doc\ProjectSplitStep1.svg
		doc\ProjectSplitStep1a.PNG = doc\ProjectSplitStep1a.PNG
		doc\ProjectSplitStep1a.svg = doc\ProjectSplitStep1a.svg
		doc\ProjectSplitStep2.PNG = doc\ProjectSplitStep2.PNG
		doc\ProjectSplitStep2.svg = doc\ProjectSplitStep2.svg
	EndProjectSection
EndProject
Project("{9A19103F-16F7-4668-BE54-9A1E7A4F7556}") = "EDennis.Samples.ApiGateway.LauncherAlt", "EDennis.Samples.ApiGateway.LauncherAlt\EDennis.Samples.ApiGateway.LauncherAlt.csproj", "{B2CFF710-0BF8-4536-B9E0-AFC04C997E19}"
EndProject
Global
	GlobalSection(SolutionConfigurationPlatforms) = preSolution
		Debug|Any CPU = Debug|Any CPU
		Release|Any CPU = Release|Any CPU
	EndGlobalSection
	GlobalSection(ProjectConfigurationPlatforms) = postSolution
		{74D0BC5B-7EDB-4760-93B2-8151F33E2A35}.Debug|Any CPU.ActiveCfg = Debug|Any CPU
		{74D0BC5B-7EDB-4760-93B2-8151F33E2A35}.Debug|Any CPU.Build.0 = Debug|Any CPU
		{74D0BC5B-7EDB-4760-93B2-8151F33E2A35}.Release|Any CPU.ActiveCfg = Release|Any CPU
		{74D0BC5B-7EDB-4760-93B2-8151F33E2A35}.Release|Any CPU.Build.0 = Release|Any CPU
		{AD77FB2A-E631-4DD5-BE93-1724BBB75C39}.Debug|Any CPU.ActiveCfg = Debug|Any CPU
		{AD77FB2A-E631-4DD5-BE93-1724BBB75C39}.Debug|Any CPU.Build.0 = Debug|Any CPU
		{AD77FB2A-E631-4DD5-BE93-1724BBB75C39}.Release|Any CPU.ActiveCfg = Release|Any CPU
		{AD77FB2A-E631-4DD5-BE93-1724BBB75C39}.Release|Any CPU.Build.0 = Release|Any CPU
		{790783CB-FDFF-43E0-9BA4-9CF78DC1E1EB}.Debug|Any CPU.ActiveCfg = Debug|Any CPU
		{790783CB-FDFF-43E0-9BA4-9CF78DC1E1EB}.Debug|Any CPU.Build.0 = Debug|Any CPU
		{790783CB-FDFF-43E0-9BA4-9CF78DC1E1EB}.Release|Any CPU.ActiveCfg = Release|Any CPU
		{790783CB-FDFF-43E0-9BA4-9CF78DC1E1EB}.Release|Any CPU.Build.0 = Release|Any CPU
		{B66214A4-A98B-4D95-996A-84B561354FB0}.Debug|Any CPU.ActiveCfg = Debug|Any CPU
		{B66214A4-A98B-4D95-996A-84B561354FB0}.Debug|Any CPU.Build.0 = Debug|Any CPU
		{B66214A4-A98B-4D95-996A-84B561354FB0}.Release|Any CPU.ActiveCfg = Release|Any CPU
		{B66214A4-A98B-4D95-996A-84B561354FB0}.Release|Any CPU.Build.0 = Release|Any CPU
		{DBC2ABE3-AF50-424B-82A4-42CF0732A74C}.Debug|Any CPU.ActiveCfg = Debug|Any CPU
		{DBC2ABE3-AF50-424B-82A4-42CF0732A74C}.Debug|Any CPU.Build.0 = Debug|Any CPU
		{DBC2ABE3-AF50-424B-82A4-42CF0732A74C}.Release|Any CPU.ActiveCfg = Release|Any CPU
		{DBC2ABE3-AF50-424B-82A4-42CF0732A74C}.Release|Any CPU.Build.0 = Release|Any CPU
		{8BC41EF4-FD1C-4AC8-B45F-92A0B5EC8295}.Debug|Any CPU.ActiveCfg = Debug|Any CPU
		{8BC41EF4-FD1C-4AC8-B45F-92A0B5EC8295}.Debug|Any CPU.Build.0 = Debug|Any CPU
		{8BC41EF4-FD1C-4AC8-B45F-92A0B5EC8295}.Release|Any CPU.ActiveCfg = Release|Any CPU
		{8BC41EF4-FD1C-4AC8-B45F-92A0B5EC8295}.Release|Any CPU.Build.0 = Release|Any CPU
		{F5072FD0-7829-4E07-8BD2-705E45A8C2A8}.Debug|Any CPU.ActiveCfg = Debug|Any CPU
		{F5072FD0-7829-4E07-8BD2-705E45A8C2A8}.Debug|Any CPU.Build.0 = Debug|Any CPU
		{F5072FD0-7829-4E07-8BD2-705E45A8C2A8}.Release|Any CPU.ActiveCfg = Release|Any CPU
		{F5072FD0-7829-4E07-8BD2-705E45A8C2A8}.Release|Any CPU.Build.0 = Release|Any CPU
		{5943BFEE-5BC5-4906-ABDE-E71A19DFE40F}.Debug|Any CPU.ActiveCfg = Debug|Any CPU
		{5943BFEE-5BC5-4906-ABDE-E71A19DFE40F}.Debug|Any CPU.Build.0 = Debug|Any CPU
		{5943BFEE-5BC5-4906-ABDE-E71A19DFE40F}.Release|Any CPU.ActiveCfg = Release|Any CPU
		{5943BFEE-5BC5-4906-ABDE-E71A19DFE40F}.Release|Any CPU.Build.0 = Release|Any CPU
		{8146588D-9635-451B-85DD-14853B6329A5}.Debug|Any CPU.ActiveCfg = Debug|Any CPU
		{8146588D-9635-451B-85DD-14853B6329A5}.Debug|Any CPU.Build.0 = Debug|Any CPU
		{8146588D-9635-451B-85DD-14853B6329A5}.Release|Any CPU.ActiveCfg = Release|Any CPU
		{8146588D-9635-451B-85DD-14853B6329A5}.Release|Any CPU.Build.0 = Release|Any CPU
		{8915CC39-31B9-498F-BCA6-6216132237DA}.Debug|Any CPU.ActiveCfg = Debug|Any CPU
		{8915CC39-31B9-498F-BCA6-6216132237DA}.Debug|Any CPU.Build.0 = Debug|Any CPU
		{8915CC39-31B9-498F-BCA6-6216132237DA}.Release|Any CPU.ActiveCfg = Release|Any CPU
		{8915CC39-31B9-498F-BCA6-6216132237DA}.Release|Any CPU.Build.0 = Release|Any CPU
		{91300EEE-6D3B-4048-BDFC-F4B7BB3C5BFC}.Debug|Any CPU.ActiveCfg = Debug|Any CPU
		{91300EEE-6D3B-4048-BDFC-F4B7BB3C5BFC}.Debug|Any CPU.Build.0 = Debug|Any CPU
		{91300EEE-6D3B-4048-BDFC-F4B7BB3C5BFC}.Release|Any CPU.ActiveCfg = Release|Any CPU
		{91300EEE-6D3B-4048-BDFC-F4B7BB3C5BFC}.Release|Any CPU.Build.0 = Release|Any CPU
		{9D60A5C5-BD7E-417C-83D6-9B97EEF320B1}.Debug|Any CPU.ActiveCfg = Debug|Any CPU
		{9D60A5C5-BD7E-417C-83D6-9B97EEF320B1}.Debug|Any CPU.Build.0 = Debug|Any CPU
		{9D60A5C5-BD7E-417C-83D6-9B97EEF320B1}.Release|Any CPU.ActiveCfg = Release|Any CPU
		{9D60A5C5-BD7E-417C-83D6-9B97EEF320B1}.Release|Any CPU.Build.0 = Release|Any CPU
		{4D6ACF49-3551-4F9B-998B-F6F814980156}.Debug|Any CPU.ActiveCfg = Debug|Any CPU
		{4D6ACF49-3551-4F9B-998B-F6F814980156}.Debug|Any CPU.Build.0 = Debug|Any CPU
		{4D6ACF49-3551-4F9B-998B-F6F814980156}.Release|Any CPU.ActiveCfg = Release|Any CPU
		{4D6ACF49-3551-4F9B-998B-F6F814980156}.Release|Any CPU.Build.0 = Release|Any CPU
		{C0C6EA83-DEB2-4711-A897-1ED821A8F293}.Debug|Any CPU.ActiveCfg = Debug|Any CPU
		{C0C6EA83-DEB2-4711-A897-1ED821A8F293}.Debug|Any CPU.Build.0 = Debug|Any CPU
		{C0C6EA83-DEB2-4711-A897-1ED821A8F293}.Release|Any CPU.ActiveCfg = Release|Any CPU
		{C0C6EA83-DEB2-4711-A897-1ED821A8F293}.Release|Any CPU.Build.0 = Release|Any CPU
		{59DF8666-E46D-4774-9D66-88F4C6286D00}.Debug|Any CPU.ActiveCfg = Debug|Any CPU
		{59DF8666-E46D-4774-9D66-88F4C6286D00}.Debug|Any CPU.Build.0 = Debug|Any CPU
		{59DF8666-E46D-4774-9D66-88F4C6286D00}.Release|Any CPU.ActiveCfg = Release|Any CPU
		{59DF8666-E46D-4774-9D66-88F4C6286D00}.Release|Any CPU.Build.0 = Release|Any CPU
		{42D33162-758E-4DB0-8A39-A41EE17D4846}.Debug|Any CPU.ActiveCfg = Debug|Any CPU
		{42D33162-758E-4DB0-8A39-A41EE17D4846}.Debug|Any CPU.Build.0 = Debug|Any CPU
		{42D33162-758E-4DB0-8A39-A41EE17D4846}.Release|Any CPU.ActiveCfg = Release|Any CPU
		{42D33162-758E-4DB0-8A39-A41EE17D4846}.Release|Any CPU.Build.0 = Release|Any CPU
		{4B02D09E-3A79-49F6-B258-FD58E87BB879}.Debug|Any CPU.ActiveCfg = Debug|Any CPU
		{4B02D09E-3A79-49F6-B258-FD58E87BB879}.Debug|Any CPU.Build.0 = Debug|Any CPU
		{4B02D09E-3A79-49F6-B258-FD58E87BB879}.Release|Any CPU.ActiveCfg = Release|Any CPU
		{4B02D09E-3A79-49F6-B258-FD58E87BB879}.Release|Any CPU.Build.0 = Release|Any CPU
		{DE1956D3-5E6D-4A0B-9BE8-7860001B7A2D}.Debug|Any CPU.ActiveCfg = Debug|Any CPU
		{DE1956D3-5E6D-4A0B-9BE8-7860001B7A2D}.Debug|Any CPU.Build.0 = Debug|Any CPU
		{DE1956D3-5E6D-4A0B-9BE8-7860001B7A2D}.Release|Any CPU.ActiveCfg = Release|Any CPU
		{DE1956D3-5E6D-4A0B-9BE8-7860001B7A2D}.Release|Any CPU.Build.0 = Release|Any CPU
		{4FDDF9B7-6F95-4960-BEE6-F5CB7B026277}.Debug|Any CPU.ActiveCfg = Debug|Any CPU
		{4FDDF9B7-6F95-4960-BEE6-F5CB7B026277}.Debug|Any CPU.Build.0 = Debug|Any CPU
		{4FDDF9B7-6F95-4960-BEE6-F5CB7B026277}.Release|Any CPU.ActiveCfg = Release|Any CPU
		{4FDDF9B7-6F95-4960-BEE6-F5CB7B026277}.Release|Any CPU.Build.0 = Release|Any CPU
		{1B7B9A3A-7383-453B-B0F6-8C66033E475C}.Debug|Any CPU.ActiveCfg = Debug|Any CPU
		{1B7B9A3A-7383-453B-B0F6-8C66033E475C}.Debug|Any CPU.Build.0 = Debug|Any CPU
		{1B7B9A3A-7383-453B-B0F6-8C66033E475C}.Release|Any CPU.ActiveCfg = Release|Any CPU
		{1B7B9A3A-7383-453B-B0F6-8C66033E475C}.Release|Any CPU.Build.0 = Release|Any CPU
		{60D775B7-39AB-4906-A2D2-FEBCEEE9A730}.Debug|Any CPU.ActiveCfg = Debug|Any CPU
		{60D775B7-39AB-4906-A2D2-FEBCEEE9A730}.Debug|Any CPU.Build.0 = Debug|Any CPU
		{60D775B7-39AB-4906-A2D2-FEBCEEE9A730}.Release|Any CPU.ActiveCfg = Release|Any CPU
		{60D775B7-39AB-4906-A2D2-FEBCEEE9A730}.Release|Any CPU.Build.0 = Release|Any CPU
		{5B4F3114-3137-4A29-BF20-6146D9B3FD1A}.Debug|Any CPU.ActiveCfg = Debug|Any CPU
		{5B4F3114-3137-4A29-BF20-6146D9B3FD1A}.Debug|Any CPU.Build.0 = Debug|Any CPU
		{5B4F3114-3137-4A29-BF20-6146D9B3FD1A}.Release|Any CPU.ActiveCfg = Release|Any CPU
		{5B4F3114-3137-4A29-BF20-6146D9B3FD1A}.Release|Any CPU.Build.0 = Release|Any CPU
		{5CAC21FF-4954-49D4-8FC7-C14CB0687478}.Debug|Any CPU.ActiveCfg = Debug|Any CPU
		{5CAC21FF-4954-49D4-8FC7-C14CB0687478}.Debug|Any CPU.Build.0 = Debug|Any CPU
		{5CAC21FF-4954-49D4-8FC7-C14CB0687478}.Release|Any CPU.ActiveCfg = Release|Any CPU
		{5CAC21FF-4954-49D4-8FC7-C14CB0687478}.Release|Any CPU.Build.0 = Release|Any CPU
		{C12F32BF-E148-4DB7-B2C3-22595AC91566}.Debug|Any CPU.ActiveCfg = Debug|Any CPU
		{C12F32BF-E148-4DB7-B2C3-22595AC91566}.Debug|Any CPU.Build.0 = Debug|Any CPU
		{C12F32BF-E148-4DB7-B2C3-22595AC91566}.Release|Any CPU.ActiveCfg = Release|Any CPU
		{C12F32BF-E148-4DB7-B2C3-22595AC91566}.Release|Any CPU.Build.0 = Release|Any CPU
		{B2CFF710-0BF8-4536-B9E0-AFC04C997E19}.Debug|Any CPU.ActiveCfg = Debug|Any CPU
		{B2CFF710-0BF8-4536-B9E0-AFC04C997E19}.Debug|Any CPU.Build.0 = Debug|Any CPU
		{B2CFF710-0BF8-4536-B9E0-AFC04C997E19}.Release|Any CPU.ActiveCfg = Release|Any CPU
		{B2CFF710-0BF8-4536-B9E0-AFC04C997E19}.Release|Any CPU.Build.0 = Release|Any CPU
	EndGlobalSection
	GlobalSection(SolutionProperties) = preSolution
		HideSolutionNode = FALSE
	EndGlobalSection
	GlobalSection(ExtensibilityGlobals) = postSolution
		SolutionGuid = {7EBCF0DF-AE13-4093-93F4-64E17225F406}
	EndGlobalSection
EndGlobal
