
Microsoft Visual Studio Solution File, Format Version 12.00
# Visual Studio Version 16
VisualStudioVersion = 16.0.29503.13
MinimumVisualStudioVersion = 10.0.40219.1
Project("{9A19103F-16F7-4668-BE54-9A1E7A4F7556}") = "EDennis.Samples.TimeApi", "EDennis.Samples.TimeApi\EDennis.Samples.TimeApi.csproj", "{2A4CBC93-D1DE-468B-A144-BCE9AA32EBBD}"
EndProject
Project("{9A19103F-16F7-4668-BE54-9A1E7A4F7556}") = "EDennis.Samples.SharedModel", "EDennis.Samples.SharedModel\EDennis.Samples.SharedModel.csproj", "{74D0BC5B-7EDB-4760-93B2-8151F33E2A35}"
EndProject
Project("{9A19103F-16F7-4668-BE54-9A1E7A4F7556}") = "EDennis.Samples.TimeApi.Launcher", "EDennis.Samples.TimeApi.Launcher\EDennis.Samples.TimeApi.Launcher.csproj", "{AD77FB2A-E631-4DD5-BE93-1724BBB75C39}"
EndProject
Project("{9A19103F-16F7-4668-BE54-9A1E7A4F7556}") = "EDennis.Samples.QuoteApi", "EDennis.Samples.QuoteApi\EDennis.Samples.QuoteApi.csproj", "{C873CDAD-81A7-47FC-B60A-C23ADE0B2D14}"
EndProject
Project("{9A19103F-16F7-4668-BE54-9A1E7A4F7556}") = "EDennis.Samples.QuoteApi.Launcher", "EDennis.Samples.QuoteApi.Launcher\EDennis.Samples.QuoteApi.Launcher.csproj", "{790783CB-FDFF-43E0-9BA4-9CF78DC1E1EB}"
EndProject
Project("{9A19103F-16F7-4668-BE54-9A1E7A4F7556}") = "EDennis.Samples.NameApi", "EDennis.Samples.NameApi\EDennis.Samples.NameApi.csproj", "{2AF5A35C-5B28-48F9-A07C-1C669EA3514E}"
EndProject
Project("{9A19103F-16F7-4668-BE54-9A1E7A4F7556}") = "EDennis.Samples.NameApi.Launcher", "EDennis.Samples.NameApi.Launcher\EDennis.Samples.NameApi.Launcher.csproj", "{B66214A4-A98B-4D95-996A-84B561354FB0}"
EndProject
Project("{9A19103F-16F7-4668-BE54-9A1E7A4F7556}") = "EDennis.Samples.LocationApi", "EDennis.Samples.LocationApi\EDennis.Samples.LocationApi.csproj", "{C3A094B7-A1F6-4C8D-BECC-99052CC65A89}"
EndProject
Project("{9A19103F-16F7-4668-BE54-9A1E7A4F7556}") = "EDennis.Samples.LocationApi.Launcher", "EDennis.Samples.LocationApi.Launcher\EDennis.Samples.LocationApi.Launcher.csproj", "{DBC2ABE3-AF50-424B-82A4-42CF0732A74C}"
EndProject
Project("{9A19103F-16F7-4668-BE54-9A1E7A4F7556}") = "EDennis.Samples.ApiGateway", "EDennis.Samples.ApiGateway\EDennis.Samples.ApiGateway.csproj", "{A2D223B6-83EB-45A8-9066-FBD5C5C12488}"
EndProject
Project("{9A19103F-16F7-4668-BE54-9A1E7A4F7556}") = "EDennis.Samples.ApiGateway.Launcher", "EDennis.Samples.ApiGateway.Launcher\EDennis.Samples.ApiGateway.Launcher.csproj", "{8BC41EF4-FD1C-4AC8-B45F-92A0B5EC8295}"
EndProject
Project("{9A19103F-16F7-4668-BE54-9A1E7A4F7556}") = "EDennis.Samples.TypicalScaffoldedApi", "EDennis.Samples.TypicalScaffoldedApi\EDennis.Samples.TypicalScaffoldedApi.csproj", "{F5072FD0-7829-4E07-8BD2-705E45A8C2A8}"
EndProject
Project("{9A19103F-16F7-4668-BE54-9A1E7A4F7556}") = "EDennis.Samples.TimeApi.Tester", "EDennis.Samples.TimeApi.Tester\EDennis.Samples.TimeApi.Tester.csproj", "{5943BFEE-5BC5-4906-ABDE-E71A19DFE40F}"
EndProject
Project("{9A19103F-16F7-4668-BE54-9A1E7A4F7556}") = "EDennis.Samples.Utils", "EDennis.Samples.Utils\EDennis.Samples.Utils.csproj", "{8146588D-9635-451B-85DD-14853B6329A5}"
EndProject
Project("{9A19103F-16F7-4668-BE54-9A1E7A4F7556}") = "EDennis.Samples.ApiGateway.Tester", "EDennis.Samples.ApiGateway.Tester\EDennis.Samples.ApiGateway.Tester.csproj", "{8915CC39-31B9-498F-BCA6-6216132237DA}"
EndProject
Project("{9A19103F-16F7-4668-BE54-9A1E7A4F7556}") = "EDennis.Samples.LocationApi.Tester", "EDennis.Samples.LocationApi.Tester\EDennis.Samples.LocationApi.Tester.csproj", "{91300EEE-6D3B-4048-BDFC-F4B7BB3C5BFC}"
EndProject
Project("{9A19103F-16F7-4668-BE54-9A1E7A4F7556}") = "EDennis.Samples.NameApi.Tester", "EDennis.Samples.NameApi.Tester\EDennis.Samples.NameApi.Tester.csproj", "{9D60A5C5-BD7E-417C-83D6-9B97EEF320B1}"
EndProject
Project("{9A19103F-16F7-4668-BE54-9A1E7A4F7556}") = "EDennis.Samples.QuoteApi.Tester", "EDennis.Samples.QuoteApi.Tester\EDennis.Samples.QuoteApi.Tester.csproj", "{4D6ACF49-3551-4F9B-998B-F6F814980156}"
EndProject
Project("{9A19103F-16F7-4668-BE54-9A1E7A4F7556}") = "EDennis.Samples.TimeApi.Host", "EDennis.Samples.TimeApi.Host\EDennis.Samples.TimeApi.Host.csproj", "{05733EE2-059C-4A5C-94AF-CCCAB1EC80BE}"
EndProject
Project("{9A19103F-16F7-4668-BE54-9A1E7A4F7556}") = "EDennis.Samples.QuoteApi.Host", "EDennis.Samples.QuoteApi.Host\EDennis.Samples.QuoteApi.Host.csproj", "{611941EE-D312-488D-83D5-B806B3D2CED1}"
EndProject
Project("{9A19103F-16F7-4668-BE54-9A1E7A4F7556}") = "EDennis.Samples.NameApi.Host", "EDennis.Samples.NameApi.Host\EDennis.Samples.NameApi.Host.csproj", "{3B8459A5-F70E-4C37-AED5-94E8E33395E2}"
EndProject
Project("{9A19103F-16F7-4668-BE54-9A1E7A4F7556}") = "EDennis.Samples.LocationApi.Host", "EDennis.Samples.LocationApi.Host\EDennis.Samples.LocationApi.Host.csproj", "{E0E4F315-591B-4AF8-9D06-8F3FEEAAE3DA}"
EndProject
Project("{9A19103F-16F7-4668-BE54-9A1E7A4F7556}") = "EDennis.Samples.ApiGateway.Host", "EDennis.Samples.ApiGateway.Host\EDennis.Samples.ApiGateway.Host.csproj", "{765B28B7-9492-4288-9C8A-27747BFAC353}"
EndProject
Project("{9A19103F-16F7-4668-BE54-9A1E7A4F7556}") = "EDennis.Samples.ExploringWebApplicationFactory", "EDennis.Samples.ExploringWebApplicationFactory\EDennis.Samples.ExploringWebApplicationFactory.csproj", "{C0C6EA83-DEB2-4711-A897-1ED821A8F293}"
EndProject
Project("{9A19103F-16F7-4668-BE54-9A1E7A4F7556}") = "EDennis.Samples.TimeApi.Scaffolded", "EDennis.Samples.TimeApi.Scaffolded\EDennis.Samples.TimeApi.Scaffolded.csproj", "{DF995C4F-DF9D-4946-9E3A-04878062071E}"
EndProject
Project("{9A19103F-16F7-4668-BE54-9A1E7A4F7556}") = "EDennis.Samples.QuoteApi.Scaffolded", "EDennis.Samples.QuoteApi.Scaffolded\EDennis.Samples.QuoteApi.Scaffolded.csproj", "{D93B63F6-72EF-49A0-A926-05E137202AE4}"
EndProject
Project("{FAE04EC0-301F-11D3-BF4B-00C04F79EFBC}") = "EDennis.Samples.TimeApi.Scaffolded.Tester", "EDennis.Samples.TimeApi.Scaffolded.Tester\EDennis.Samples.TimeApi.Scaffolded.Tester.csproj", "{B0313514-212E-4473-8897-3960FC7A4ECB}"
EndProject
Project("{FAE04EC0-301F-11D3-BF4B-00C04F79EFBC}") = "EDennis.Samples.QuoteApi.Scaffolded.Tester", "EDennis.Samples.QuoteApi.Scaffolded.Tester\EDennis.Samples.QuoteApi.Scaffolded.Tester.csproj", "{1857409C-E159-4496-9F1E-75B68F069E1A}"
EndProject
Global
	GlobalSection(SolutionConfigurationPlatforms) = preSolution
		Debug|Any CPU = Debug|Any CPU
		Release|Any CPU = Release|Any CPU
	EndGlobalSection
	GlobalSection(ProjectConfigurationPlatforms) = postSolution
		{2A4CBC93-D1DE-468B-A144-BCE9AA32EBBD}.Debug|Any CPU.ActiveCfg = Debug|Any CPU
		{2A4CBC93-D1DE-468B-A144-BCE9AA32EBBD}.Debug|Any CPU.Build.0 = Debug|Any CPU
		{2A4CBC93-D1DE-468B-A144-BCE9AA32EBBD}.Release|Any CPU.ActiveCfg = Release|Any CPU
		{2A4CBC93-D1DE-468B-A144-BCE9AA32EBBD}.Release|Any CPU.Build.0 = Release|Any CPU
		{74D0BC5B-7EDB-4760-93B2-8151F33E2A35}.Debug|Any CPU.ActiveCfg = Debug|Any CPU
		{74D0BC5B-7EDB-4760-93B2-8151F33E2A35}.Debug|Any CPU.Build.0 = Debug|Any CPU
		{74D0BC5B-7EDB-4760-93B2-8151F33E2A35}.Release|Any CPU.ActiveCfg = Release|Any CPU
		{74D0BC5B-7EDB-4760-93B2-8151F33E2A35}.Release|Any CPU.Build.0 = Release|Any CPU
		{AD77FB2A-E631-4DD5-BE93-1724BBB75C39}.Debug|Any CPU.ActiveCfg = Debug|Any CPU
		{AD77FB2A-E631-4DD5-BE93-1724BBB75C39}.Debug|Any CPU.Build.0 = Debug|Any CPU
		{AD77FB2A-E631-4DD5-BE93-1724BBB75C39}.Release|Any CPU.ActiveCfg = Release|Any CPU
		{AD77FB2A-E631-4DD5-BE93-1724BBB75C39}.Release|Any CPU.Build.0 = Release|Any CPU
		{C873CDAD-81A7-47FC-B60A-C23ADE0B2D14}.Debug|Any CPU.ActiveCfg = Debug|Any CPU
		{C873CDAD-81A7-47FC-B60A-C23ADE0B2D14}.Debug|Any CPU.Build.0 = Debug|Any CPU
		{C873CDAD-81A7-47FC-B60A-C23ADE0B2D14}.Release|Any CPU.ActiveCfg = Release|Any CPU
		{C873CDAD-81A7-47FC-B60A-C23ADE0B2D14}.Release|Any CPU.Build.0 = Release|Any CPU
		{790783CB-FDFF-43E0-9BA4-9CF78DC1E1EB}.Debug|Any CPU.ActiveCfg = Debug|Any CPU
		{790783CB-FDFF-43E0-9BA4-9CF78DC1E1EB}.Debug|Any CPU.Build.0 = Debug|Any CPU
		{790783CB-FDFF-43E0-9BA4-9CF78DC1E1EB}.Release|Any CPU.ActiveCfg = Release|Any CPU
		{790783CB-FDFF-43E0-9BA4-9CF78DC1E1EB}.Release|Any CPU.Build.0 = Release|Any CPU
		{2AF5A35C-5B28-48F9-A07C-1C669EA3514E}.Debug|Any CPU.ActiveCfg = Debug|Any CPU
		{2AF5A35C-5B28-48F9-A07C-1C669EA3514E}.Debug|Any CPU.Build.0 = Debug|Any CPU
		{2AF5A35C-5B28-48F9-A07C-1C669EA3514E}.Release|Any CPU.ActiveCfg = Release|Any CPU
		{2AF5A35C-5B28-48F9-A07C-1C669EA3514E}.Release|Any CPU.Build.0 = Release|Any CPU
		{B66214A4-A98B-4D95-996A-84B561354FB0}.Debug|Any CPU.ActiveCfg = Debug|Any CPU
		{B66214A4-A98B-4D95-996A-84B561354FB0}.Debug|Any CPU.Build.0 = Debug|Any CPU
		{B66214A4-A98B-4D95-996A-84B561354FB0}.Release|Any CPU.ActiveCfg = Release|Any CPU
		{B66214A4-A98B-4D95-996A-84B561354FB0}.Release|Any CPU.Build.0 = Release|Any CPU
		{C3A094B7-A1F6-4C8D-BECC-99052CC65A89}.Debug|Any CPU.ActiveCfg = Debug|Any CPU
		{C3A094B7-A1F6-4C8D-BECC-99052CC65A89}.Debug|Any CPU.Build.0 = Debug|Any CPU
		{C3A094B7-A1F6-4C8D-BECC-99052CC65A89}.Release|Any CPU.ActiveCfg = Release|Any CPU
		{C3A094B7-A1F6-4C8D-BECC-99052CC65A89}.Release|Any CPU.Build.0 = Release|Any CPU
		{DBC2ABE3-AF50-424B-82A4-42CF0732A74C}.Debug|Any CPU.ActiveCfg = Debug|Any CPU
		{DBC2ABE3-AF50-424B-82A4-42CF0732A74C}.Debug|Any CPU.Build.0 = Debug|Any CPU
		{DBC2ABE3-AF50-424B-82A4-42CF0732A74C}.Release|Any CPU.ActiveCfg = Release|Any CPU
		{DBC2ABE3-AF50-424B-82A4-42CF0732A74C}.Release|Any CPU.Build.0 = Release|Any CPU
		{A2D223B6-83EB-45A8-9066-FBD5C5C12488}.Debug|Any CPU.ActiveCfg = Debug|Any CPU
		{A2D223B6-83EB-45A8-9066-FBD5C5C12488}.Debug|Any CPU.Build.0 = Debug|Any CPU
		{A2D223B6-83EB-45A8-9066-FBD5C5C12488}.Release|Any CPU.ActiveCfg = Release|Any CPU
		{A2D223B6-83EB-45A8-9066-FBD5C5C12488}.Release|Any CPU.Build.0 = Release|Any CPU
		{8BC41EF4-FD1C-4AC8-B45F-92A0B5EC8295}.Debug|Any CPU.ActiveCfg = Debug|Any CPU
		{8BC41EF4-FD1C-4AC8-B45F-92A0B5EC8295}.Debug|Any CPU.Build.0 = Debug|Any CPU
		{8BC41EF4-FD1C-4AC8-B45F-92A0B5EC8295}.Release|Any CPU.ActiveCfg = Release|Any CPU
		{8BC41EF4-FD1C-4AC8-B45F-92A0B5EC8295}.Release|Any CPU.Build.0 = Release|Any CPU
		{F5072FD0-7829-4E07-8BD2-705E45A8C2A8}.Debug|Any CPU.ActiveCfg = Debug|Any CPU
		{F5072FD0-7829-4E07-8BD2-705E45A8C2A8}.Debug|Any CPU.Build.0 = Debug|Any CPU
		{F5072FD0-7829-4E07-8BD2-705E45A8C2A8}.Release|Any CPU.ActiveCfg = Release|Any CPU
		{F5072FD0-7829-4E07-8BD2-705E45A8C2A8}.Release|Any CPU.Build.0 = Release|Any CPU
		{5943BFEE-5BC5-4906-ABDE-E71A19DFE40F}.Debug|Any CPU.ActiveCfg = Debug|Any CPU
		{5943BFEE-5BC5-4906-ABDE-E71A19DFE40F}.Debug|Any CPU.Build.0 = Debug|Any CPU
		{5943BFEE-5BC5-4906-ABDE-E71A19DFE40F}.Release|Any CPU.ActiveCfg = Release|Any CPU
		{5943BFEE-5BC5-4906-ABDE-E71A19DFE40F}.Release|Any CPU.Build.0 = Release|Any CPU
		{8146588D-9635-451B-85DD-14853B6329A5}.Debug|Any CPU.ActiveCfg = Debug|Any CPU
		{8146588D-9635-451B-85DD-14853B6329A5}.Debug|Any CPU.Build.0 = Debug|Any CPU
		{8146588D-9635-451B-85DD-14853B6329A5}.Release|Any CPU.ActiveCfg = Release|Any CPU
		{8146588D-9635-451B-85DD-14853B6329A5}.Release|Any CPU.Build.0 = Release|Any CPU
		{8915CC39-31B9-498F-BCA6-6216132237DA}.Debug|Any CPU.ActiveCfg = Debug|Any CPU
		{8915CC39-31B9-498F-BCA6-6216132237DA}.Debug|Any CPU.Build.0 = Debug|Any CPU
		{8915CC39-31B9-498F-BCA6-6216132237DA}.Release|Any CPU.ActiveCfg = Release|Any CPU
		{8915CC39-31B9-498F-BCA6-6216132237DA}.Release|Any CPU.Build.0 = Release|Any CPU
		{91300EEE-6D3B-4048-BDFC-F4B7BB3C5BFC}.Debug|Any CPU.ActiveCfg = Debug|Any CPU
		{91300EEE-6D3B-4048-BDFC-F4B7BB3C5BFC}.Debug|Any CPU.Build.0 = Debug|Any CPU
		{91300EEE-6D3B-4048-BDFC-F4B7BB3C5BFC}.Release|Any CPU.ActiveCfg = Release|Any CPU
		{91300EEE-6D3B-4048-BDFC-F4B7BB3C5BFC}.Release|Any CPU.Build.0 = Release|Any CPU
		{9D60A5C5-BD7E-417C-83D6-9B97EEF320B1}.Debug|Any CPU.ActiveCfg = Debug|Any CPU
		{9D60A5C5-BD7E-417C-83D6-9B97EEF320B1}.Debug|Any CPU.Build.0 = Debug|Any CPU
		{9D60A5C5-BD7E-417C-83D6-9B97EEF320B1}.Release|Any CPU.ActiveCfg = Release|Any CPU
		{9D60A5C5-BD7E-417C-83D6-9B97EEF320B1}.Release|Any CPU.Build.0 = Release|Any CPU
		{4D6ACF49-3551-4F9B-998B-F6F814980156}.Debug|Any CPU.ActiveCfg = Debug|Any CPU
		{4D6ACF49-3551-4F9B-998B-F6F814980156}.Debug|Any CPU.Build.0 = Debug|Any CPU
		{4D6ACF49-3551-4F9B-998B-F6F814980156}.Release|Any CPU.ActiveCfg = Release|Any CPU
		{4D6ACF49-3551-4F9B-998B-F6F814980156}.Release|Any CPU.Build.0 = Release|Any CPU
		{05733EE2-059C-4A5C-94AF-CCCAB1EC80BE}.Debug|Any CPU.ActiveCfg = Debug|Any CPU
		{05733EE2-059C-4A5C-94AF-CCCAB1EC80BE}.Debug|Any CPU.Build.0 = Debug|Any CPU
		{05733EE2-059C-4A5C-94AF-CCCAB1EC80BE}.Release|Any CPU.ActiveCfg = Release|Any CPU
		{05733EE2-059C-4A5C-94AF-CCCAB1EC80BE}.Release|Any CPU.Build.0 = Release|Any CPU
		{611941EE-D312-488D-83D5-B806B3D2CED1}.Debug|Any CPU.ActiveCfg = Debug|Any CPU
		{611941EE-D312-488D-83D5-B806B3D2CED1}.Debug|Any CPU.Build.0 = Debug|Any CPU
		{611941EE-D312-488D-83D5-B806B3D2CED1}.Release|Any CPU.ActiveCfg = Release|Any CPU
		{611941EE-D312-488D-83D5-B806B3D2CED1}.Release|Any CPU.Build.0 = Release|Any CPU
		{3B8459A5-F70E-4C37-AED5-94E8E33395E2}.Debug|Any CPU.ActiveCfg = Debug|Any CPU
		{3B8459A5-F70E-4C37-AED5-94E8E33395E2}.Debug|Any CPU.Build.0 = Debug|Any CPU
		{3B8459A5-F70E-4C37-AED5-94E8E33395E2}.Release|Any CPU.ActiveCfg = Release|Any CPU
		{3B8459A5-F70E-4C37-AED5-94E8E33395E2}.Release|Any CPU.Build.0 = Release|Any CPU
		{E0E4F315-591B-4AF8-9D06-8F3FEEAAE3DA}.Debug|Any CPU.ActiveCfg = Debug|Any CPU
		{E0E4F315-591B-4AF8-9D06-8F3FEEAAE3DA}.Debug|Any CPU.Build.0 = Debug|Any CPU
		{E0E4F315-591B-4AF8-9D06-8F3FEEAAE3DA}.Release|Any CPU.ActiveCfg = Release|Any CPU
		{E0E4F315-591B-4AF8-9D06-8F3FEEAAE3DA}.Release|Any CPU.Build.0 = Release|Any CPU
		{765B28B7-9492-4288-9C8A-27747BFAC353}.Debug|Any CPU.ActiveCfg = Debug|Any CPU
		{765B28B7-9492-4288-9C8A-27747BFAC353}.Debug|Any CPU.Build.0 = Debug|Any CPU
		{765B28B7-9492-4288-9C8A-27747BFAC353}.Release|Any CPU.ActiveCfg = Release|Any CPU
		{765B28B7-9492-4288-9C8A-27747BFAC353}.Release|Any CPU.Build.0 = Release|Any CPU
		{C0C6EA83-DEB2-4711-A897-1ED821A8F293}.Debug|Any CPU.ActiveCfg = Debug|Any CPU
		{C0C6EA83-DEB2-4711-A897-1ED821A8F293}.Debug|Any CPU.Build.0 = Debug|Any CPU
		{C0C6EA83-DEB2-4711-A897-1ED821A8F293}.Release|Any CPU.ActiveCfg = Release|Any CPU
		{C0C6EA83-DEB2-4711-A897-1ED821A8F293}.Release|Any CPU.Build.0 = Release|Any CPU
		{DF995C4F-DF9D-4946-9E3A-04878062071E}.Debug|Any CPU.ActiveCfg = Debug|Any CPU
		{DF995C4F-DF9D-4946-9E3A-04878062071E}.Debug|Any CPU.Build.0 = Debug|Any CPU
		{DF995C4F-DF9D-4946-9E3A-04878062071E}.Release|Any CPU.ActiveCfg = Release|Any CPU
		{DF995C4F-DF9D-4946-9E3A-04878062071E}.Release|Any CPU.Build.0 = Release|Any CPU
		{D93B63F6-72EF-49A0-A926-05E137202AE4}.Debug|Any CPU.ActiveCfg = Debug|Any CPU
		{D93B63F6-72EF-49A0-A926-05E137202AE4}.Debug|Any CPU.Build.0 = Debug|Any CPU
		{D93B63F6-72EF-49A0-A926-05E137202AE4}.Release|Any CPU.ActiveCfg = Release|Any CPU
		{D93B63F6-72EF-49A0-A926-05E137202AE4}.Release|Any CPU.Build.0 = Release|Any CPU
		{B0313514-212E-4473-8897-3960FC7A4ECB}.Debug|Any CPU.ActiveCfg = Debug|Any CPU
		{B0313514-212E-4473-8897-3960FC7A4ECB}.Debug|Any CPU.Build.0 = Debug|Any CPU
		{B0313514-212E-4473-8897-3960FC7A4ECB}.Release|Any CPU.ActiveCfg = Release|Any CPU
		{B0313514-212E-4473-8897-3960FC7A4ECB}.Release|Any CPU.Build.0 = Release|Any CPU
		{1857409C-E159-4496-9F1E-75B68F069E1A}.Debug|Any CPU.ActiveCfg = Debug|Any CPU
		{1857409C-E159-4496-9F1E-75B68F069E1A}.Debug|Any CPU.Build.0 = Debug|Any CPU
		{1857409C-E159-4496-9F1E-75B68F069E1A}.Release|Any CPU.ActiveCfg = Release|Any CPU
		{1857409C-E159-4496-9F1E-75B68F069E1A}.Release|Any CPU.Build.0 = Release|Any CPU
	EndGlobalSection
	GlobalSection(SolutionProperties) = preSolution
		HideSolutionNode = FALSE
	EndGlobalSection
	GlobalSection(ExtensibilityGlobals) = postSolution
		SolutionGuid = {7EBCF0DF-AE13-4093-93F4-64E17225F406}
	EndGlobalSection
EndGlobal
